// !$*UTF8*$!
{
	archiveVersion = 1;
	classes = {
	};
	objectVersion = 56;
	objects = {

/* Begin PBXBuildFile section */
		641910752C948E70000C8F52 /* LoadingView.swift in Sources */ = {isa = PBXBuildFile; fileRef = 641910742C948E70000C8F52 /* LoadingView.swift */; };
		641910772C949552000C8F52 /* AuthenticationTextFieldsView.swift in Sources */ = {isa = PBXBuildFile; fileRef = 641910762C949552000C8F52 /* AuthenticationTextFieldsView.swift */; };
		6419107A2C9495D5000C8F52 /* SignUpView.swift in Sources */ = {isa = PBXBuildFile; fileRef = 641910792C9495D5000C8F52 /* SignUpView.swift */; };
		6419107D2C9497E4000C8F52 /* SplashView.swift in Sources */ = {isa = PBXBuildFile; fileRef = 6419107C2C9497E4000C8F52 /* SplashView.swift */; };
		641910802C94A10C000C8F52 /* FirebaseFirestore in Frameworks */ = {isa = PBXBuildFile; productRef = 6419107F2C94A10C000C8F52 /* FirebaseFirestore */; };
		641910AE2C94DE66000C8F52 /* NetworkingFramework in Frameworks */ = {isa = PBXBuildFile; productRef = 641910AD2C94DE66000C8F52 /* NetworkingFramework */; };
		641910B02C94DE91000C8F52 /* PokemonService.swift in Sources */ = {isa = PBXBuildFile; fileRef = 641910AF2C94DE91000C8F52 /* PokemonService.swift */; };
		641910B62C94DEF5000C8F52 /* PokemonResponse.swift in Sources */ = {isa = PBXBuildFile; fileRef = 641910B52C94DEF5000C8F52 /* PokemonResponse.swift */; };
		641910B82C94DF44000C8F52 /* PokemonHTTPRequest.swift in Sources */ = {isa = PBXBuildFile; fileRef = 641910B72C94DF44000C8F52 /* PokemonHTTPRequest.swift */; };
		641910BB2C94E095000C8F52 /* HomeView.swift in Sources */ = {isa = PBXBuildFile; fileRef = 641910BA2C94E095000C8F52 /* HomeView.swift */; };
		641910BF2C94E160000C8F52 /* PokemonUtility.swift in Sources */ = {isa = PBXBuildFile; fileRef = 641910BE2C94E160000C8F52 /* PokemonUtility.swift */; };
		641910C12C94E210000C8F52 /* PokemonUtilityImpl.swift in Sources */ = {isa = PBXBuildFile; fileRef = 641910C02C94E210000C8F52 /* PokemonUtilityImpl.swift */; };
		641910C32C94E290000C8F52 /* Pokemon.swift in Sources */ = {isa = PBXBuildFile; fileRef = 641910C22C94E290000C8F52 /* Pokemon.swift */; };
		641910C62C94E733000C8F52 /* LocalFileManagerFramework in Frameworks */ = {isa = PBXBuildFile; productRef = 641910C52C94E733000C8F52 /* LocalFileManagerFramework */; };
		641910C92C94E928000C8F52 /* LocalFileUtility.swift in Sources */ = {isa = PBXBuildFile; fileRef = 641910C82C94E928000C8F52 /* LocalFileUtility.swift */; };
		641910CB2C94E970000C8F52 /* LocalFileUtilityImpl.swift in Sources */ = {isa = PBXBuildFile; fileRef = 641910CA2C94E970000C8F52 /* LocalFileUtilityImpl.swift */; };
		641910CD2C94EB7B000C8F52 /* ImageServiceError.swift in Sources */ = {isa = PBXBuildFile; fileRef = 641910CC2C94EB7B000C8F52 /* ImageServiceError.swift */; };
		641910D02C94EE26000C8F52 /* ImageService.swift in Sources */ = {isa = PBXBuildFile; fileRef = 641910CF2C94EE26000C8F52 /* ImageService.swift */; };
		641910D32C94EEBF000C8F52 /* ImageUtility.swift in Sources */ = {isa = PBXBuildFile; fileRef = 641910D22C94EEBF000C8F52 /* ImageUtility.swift */; };
		641910D52C94EEDA000C8F52 /* ImageUtilityImpl.swift in Sources */ = {isa = PBXBuildFile; fileRef = 641910D42C94EEDA000C8F52 /* ImageUtilityImpl.swift */; };
		64292C6C2C9B1B7000AF3B6B /* TestFile.swift in Sources */ = {isa = PBXBuildFile; fileRef = 64292C6B2C9B1B7000AF3B6B /* TestFile.swift */; };
		646F0E322C9486A00050FB2B /* AuthenticationService.swift in Sources */ = {isa = PBXBuildFile; fileRef = 646F0E312C9486A00050FB2B /* AuthenticationService.swift */; };
		646F0E342C9486B50050FB2B /* FirebaseUtility.swift in Sources */ = {isa = PBXBuildFile; fileRef = 646F0E332C9486B50050FB2B /* FirebaseUtility.swift */; };
		646F0E3A2C9489F20050FB2B /* User.swift in Sources */ = {isa = PBXBuildFile; fileRef = 646F0E392C9489F20050FB2B /* User.swift */; };
		646F0E3C2C948C0E0050FB2B /* AuthenticationUtility.swift in Sources */ = {isa = PBXBuildFile; fileRef = 646F0E3B2C948C0E0050FB2B /* AuthenticationUtility.swift */; };
		647A32EC2C937CB80011142B /* App.swift in Sources */ = {isa = PBXBuildFile; fileRef = 647A32EB2C937CB80011142B /* App.swift */; };
		647A32F02C937CB90011142B /* Assets.xcassets in Resources */ = {isa = PBXBuildFile; fileRef = 647A32EF2C937CB90011142B /* Assets.xcassets */; };
		647A32FB2C937D750011142B /* FirebaseAuth in Frameworks */ = {isa = PBXBuildFile; productRef = 647A32FA2C937D750011142B /* FirebaseAuth */; };
		647A33002C937DEA0011142B /* GoogleService-Info.plist in Resources */ = {isa = PBXBuildFile; fileRef = 647A32FF2C937DEA0011142B /* GoogleService-Info.plist */; };
		647A33022C937DFC0011142B /* AppDelegate.swift in Sources */ = {isa = PBXBuildFile; fileRef = 647A33012C937DFC0011142B /* AppDelegate.swift */; };
		647A330C2C93822B0011142B /* SignInView.swift in Sources */ = {isa = PBXBuildFile; fileRef = 647A330B2C93822B0011142B /* SignInView.swift */; };
		64D746F42C93865B007FC094 /* MainButtonView.swift in Sources */ = {isa = PBXBuildFile; fileRef = 64D746F32C93865B007FC094 /* MainButtonView.swift */; };
		64D746F62C93869B007FC094 /* Typealias.swift in Sources */ = {isa = PBXBuildFile; fileRef = 64D746F52C93869B007FC094 /* Typealias.swift */; };
		64D746F92C938C44007FC094 /* CustomAlertView.swift in Sources */ = {isa = PBXBuildFile; fileRef = 64D746F82C938C44007FC094 /* CustomAlertView.swift */; };
		64DBF7FF2C962B7400A72B74 /* PokemonModel.swift in Sources */ = {isa = PBXBuildFile; fileRef = 64DBF7FE2C962B7400A72B74 /* PokemonModel.swift */; };
		64DBF8012C962BBB00A72B74 /* SchemaV1.swift in Sources */ = {isa = PBXBuildFile; fileRef = 64DBF8002C962BBB00A72B74 /* SchemaV1.swift */; };
		64DBF8032C962E1100A72B74 /* PersistenceUtility.swift in Sources */ = {isa = PBXBuildFile; fileRef = 64DBF8022C962E1100A72B74 /* PersistenceUtility.swift */; };
		64DBF8052C962E6700A72B74 /* SwiftDataImpl.swift in Sources */ = {isa = PBXBuildFile; fileRef = 64DBF8042C962E6700A72B74 /* SwiftDataImpl.swift */; };
/* End PBXBuildFile section */

/* Begin PBXFileReference section */
		641910742C948E70000C8F52 /* LoadingView.swift */ = {isa = PBXFileReference; lastKnownFileType = sourcecode.swift; path = LoadingView.swift; sourceTree = "<group>"; };
		641910762C949552000C8F52 /* AuthenticationTextFieldsView.swift */ = {isa = PBXFileReference; lastKnownFileType = sourcecode.swift; path = AuthenticationTextFieldsView.swift; sourceTree = "<group>"; };
		641910792C9495D5000C8F52 /* SignUpView.swift */ = {isa = PBXFileReference; lastKnownFileType = sourcecode.swift; path = SignUpView.swift; sourceTree = "<group>"; };
		6419107C2C9497E4000C8F52 /* SplashView.swift */ = {isa = PBXFileReference; lastKnownFileType = sourcecode.swift; path = SplashView.swift; sourceTree = "<group>"; };
		641910AF2C94DE91000C8F52 /* PokemonService.swift */ = {isa = PBXFileReference; lastKnownFileType = sourcecode.swift; path = PokemonService.swift; sourceTree = "<group>"; };
		641910B52C94DEF5000C8F52 /* PokemonResponse.swift */ = {isa = PBXFileReference; lastKnownFileType = sourcecode.swift; path = PokemonResponse.swift; sourceTree = "<group>"; };
		641910B72C94DF44000C8F52 /* PokemonHTTPRequest.swift */ = {isa = PBXFileReference; lastKnownFileType = sourcecode.swift; path = PokemonHTTPRequest.swift; sourceTree = "<group>"; };
		641910BA2C94E095000C8F52 /* HomeView.swift */ = {isa = PBXFileReference; lastKnownFileType = sourcecode.swift; path = HomeView.swift; sourceTree = "<group>"; };
		641910BE2C94E160000C8F52 /* PokemonUtility.swift */ = {isa = PBXFileReference; lastKnownFileType = sourcecode.swift; path = PokemonUtility.swift; sourceTree = "<group>"; };
		641910C02C94E210000C8F52 /* PokemonUtilityImpl.swift */ = {isa = PBXFileReference; lastKnownFileType = sourcecode.swift; path = PokemonUtilityImpl.swift; sourceTree = "<group>"; };
		641910C22C94E290000C8F52 /* Pokemon.swift */ = {isa = PBXFileReference; lastKnownFileType = sourcecode.swift; path = Pokemon.swift; sourceTree = "<group>"; };
		641910C82C94E928000C8F52 /* LocalFileUtility.swift */ = {isa = PBXFileReference; lastKnownFileType = sourcecode.swift; path = LocalFileUtility.swift; sourceTree = "<group>"; };
		641910CA2C94E970000C8F52 /* LocalFileUtilityImpl.swift */ = {isa = PBXFileReference; lastKnownFileType = sourcecode.swift; path = LocalFileUtilityImpl.swift; sourceTree = "<group>"; };
		641910CC2C94EB7B000C8F52 /* ImageServiceError.swift */ = {isa = PBXFileReference; lastKnownFileType = sourcecode.swift; path = ImageServiceError.swift; sourceTree = "<group>"; };
		641910CF2C94EE26000C8F52 /* ImageService.swift */ = {isa = PBXFileReference; lastKnownFileType = sourcecode.swift; path = ImageService.swift; sourceTree = "<group>"; };
		641910D22C94EEBF000C8F52 /* ImageUtility.swift */ = {isa = PBXFileReference; lastKnownFileType = sourcecode.swift; path = ImageUtility.swift; sourceTree = "<group>"; };
		641910D42C94EEDA000C8F52 /* ImageUtilityImpl.swift */ = {isa = PBXFileReference; lastKnownFileType = sourcecode.swift; path = ImageUtilityImpl.swift; sourceTree = "<group>"; };
		64292C6B2C9B1B7000AF3B6B /* TestFile.swift */ = {isa = PBXFileReference; lastKnownFileType = sourcecode.swift; path = TestFile.swift; sourceTree = "<group>"; };
		646F0E312C9486A00050FB2B /* AuthenticationService.swift */ = {isa = PBXFileReference; lastKnownFileType = sourcecode.swift; path = AuthenticationService.swift; sourceTree = "<group>"; };
		646F0E332C9486B50050FB2B /* FirebaseUtility.swift */ = {isa = PBXFileReference; lastKnownFileType = sourcecode.swift; path = FirebaseUtility.swift; sourceTree = "<group>"; };
		646F0E392C9489F20050FB2B /* User.swift */ = {isa = PBXFileReference; lastKnownFileType = sourcecode.swift; path = User.swift; sourceTree = "<group>"; };
		646F0E3B2C948C0E0050FB2B /* AuthenticationUtility.swift */ = {isa = PBXFileReference; lastKnownFileType = sourcecode.swift; path = AuthenticationUtility.swift; sourceTree = "<group>"; };
		647A32E82C937CB80011142B /* PokemonShop.app */ = {isa = PBXFileReference; explicitFileType = wrapper.application; includeInIndex = 0; path = PokemonShop.app; sourceTree = BUILT_PRODUCTS_DIR; };
		647A32EB2C937CB80011142B /* App.swift */ = {isa = PBXFileReference; lastKnownFileType = sourcecode.swift; path = App.swift; sourceTree = "<group>"; };
		647A32EF2C937CB90011142B /* Assets.xcassets */ = {isa = PBXFileReference; lastKnownFileType = folder.assetcatalog; path = Assets.xcassets; sourceTree = "<group>"; };
		647A32FF2C937DEA0011142B /* GoogleService-Info.plist */ = {isa = PBXFileReference; fileEncoding = 4; lastKnownFileType = text.plist.xml; path = "GoogleService-Info.plist"; sourceTree = "<group>"; };
		647A33012C937DFC0011142B /* AppDelegate.swift */ = {isa = PBXFileReference; lastKnownFileType = sourcecode.swift; path = AppDelegate.swift; sourceTree = "<group>"; };
		647A330B2C93822B0011142B /* SignInView.swift */ = {isa = PBXFileReference; lastKnownFileType = sourcecode.swift; path = SignInView.swift; sourceTree = "<group>"; };
		64D746F32C93865B007FC094 /* MainButtonView.swift */ = {isa = PBXFileReference; lastKnownFileType = sourcecode.swift; path = MainButtonView.swift; sourceTree = "<group>"; };
		64D746F52C93869B007FC094 /* Typealias.swift */ = {isa = PBXFileReference; lastKnownFileType = sourcecode.swift; path = Typealias.swift; sourceTree = "<group>"; };
		64D746F82C938C44007FC094 /* CustomAlertView.swift */ = {isa = PBXFileReference; lastKnownFileType = sourcecode.swift; path = CustomAlertView.swift; sourceTree = "<group>"; };
		64DBF7FE2C962B7400A72B74 /* PokemonModel.swift */ = {isa = PBXFileReference; lastKnownFileType = sourcecode.swift; path = PokemonModel.swift; sourceTree = "<group>"; };
		64DBF8002C962BBB00A72B74 /* SchemaV1.swift */ = {isa = PBXFileReference; lastKnownFileType = sourcecode.swift; path = SchemaV1.swift; sourceTree = "<group>"; };
		64DBF8022C962E1100A72B74 /* PersistenceUtility.swift */ = {isa = PBXFileReference; lastKnownFileType = sourcecode.swift; path = PersistenceUtility.swift; sourceTree = "<group>"; };
		64DBF8042C962E6700A72B74 /* SwiftDataImpl.swift */ = {isa = PBXFileReference; lastKnownFileType = sourcecode.swift; path = SwiftDataImpl.swift; sourceTree = "<group>"; };
/* End PBXFileReference section */

/* Begin PBXFrameworksBuildPhase section */
		647A32E52C937CB80011142B /* Frameworks */ = {
			isa = PBXFrameworksBuildPhase;
			buildActionMask = 2147483647;
			files = (
				647A32FB2C937D750011142B /* FirebaseAuth in Frameworks */,
				641910C62C94E733000C8F52 /* LocalFileManagerFramework in Frameworks */,
				641910802C94A10C000C8F52 /* FirebaseFirestore in Frameworks */,
				641910AE2C94DE66000C8F52 /* NetworkingFramework in Frameworks */,
			);
			runOnlyForDeploymentPostprocessing = 0;
		};
/* End PBXFrameworksBuildPhase section */

/* Begin PBXGroup section */
		641910782C9495C6000C8F52 /* SignUp */ = {
			isa = PBXGroup;
			children = (
				641910792C9495D5000C8F52 /* SignUpView.swift */,
			);
			path = SignUp;
			sourceTree = "<group>";
		};
		6419107B2C9497D9000C8F52 /* Splash */ = {
			isa = PBXGroup;
			children = (
				6419107C2C9497E4000C8F52 /* SplashView.swift */,
			);
			path = Splash;
			sourceTree = "<group>";
		};
		6419107E2C94A10C000C8F52 /* Frameworks */ = {
			isa = PBXGroup;
			children = (
			);
			name = Frameworks;
			sourceTree = "<group>";
		};
		641910B12C94DEC0000C8F52 /* PokemonService */ = {
			isa = PBXGroup;
			children = (
				641910C22C94E290000C8F52 /* Pokemon.swift */,
				641910AF2C94DE91000C8F52 /* PokemonService.swift */,
			);
			path = PokemonService;
			sourceTree = "<group>";
		};
		641910B92C94E086000C8F52 /* Home */ = {
			isa = PBXGroup;
			children = (
				641910BA2C94E095000C8F52 /* HomeView.swift */,
				64292C6B2C9B1B7000AF3B6B /* TestFile.swift */,
				641910BC2C94E0D5000C8F52 /* Models */,
			);
			path = Home;
			sourceTree = "<group>";
		};
		641910BC2C94E0D5000C8F52 /* Models */ = {
			isa = PBXGroup;
			children = (
			);
			path = Models;
			sourceTree = "<group>";
		};
		641910BD2C94E13C000C8F52 /* PokemonUtility */ = {
			isa = PBXGroup;
			children = (
				641910B72C94DF44000C8F52 /* PokemonHTTPRequest.swift */,
				641910B52C94DEF5000C8F52 /* PokemonResponse.swift */,
				641910BE2C94E160000C8F52 /* PokemonUtility.swift */,
				641910C02C94E210000C8F52 /* PokemonUtilityImpl.swift */,
			);
			path = PokemonUtility;
			sourceTree = "<group>";
		};
		641910C72C94E914000C8F52 /* LocalFileUtility */ = {
			isa = PBXGroup;
			children = (
				641910C82C94E928000C8F52 /* LocalFileUtility.swift */,
				641910CA2C94E970000C8F52 /* LocalFileUtilityImpl.swift */,
			);
			path = LocalFileUtility;
			sourceTree = "<group>";
		};
		641910CE2C94EE02000C8F52 /* ImageService */ = {
			isa = PBXGroup;
			children = (
				641910CF2C94EE26000C8F52 /* ImageService.swift */,
				641910CC2C94EB7B000C8F52 /* ImageServiceError.swift */,
			);
			path = ImageService;
			sourceTree = "<group>";
		};
		641910D12C94EEA3000C8F52 /* ImageUtility */ = {
			isa = PBXGroup;
			children = (
				641910D22C94EEBF000C8F52 /* ImageUtility.swift */,
				641910D42C94EEDA000C8F52 /* ImageUtilityImpl.swift */,
			);
			path = ImageUtility;
			sourceTree = "<group>";
		};
		646F0E302C94866D0050FB2B /* Shared */ = {
			isa = PBXGroup;
			children = (
				64D746F52C93869B007FC094 /* Typealias.swift */,
				647A33092C937F640011142B /* Extensions */,
				646F0E382C9489E30050FB2B /* Models */,
			);
			path = Shared;
			sourceTree = "<group>";
		};
		646F0E352C9487C80050FB2B /* AuthenticationUtility */ = {
			isa = PBXGroup;
			children = (
				646F0E3B2C948C0E0050FB2B /* AuthenticationUtility.swift */,
				646F0E332C9486B50050FB2B /* FirebaseUtility.swift */,
			);
			path = AuthenticationUtility;
			sourceTree = "<group>";
		};
		646F0E382C9489E30050FB2B /* Models */ = {
			isa = PBXGroup;
			children = (
				646F0E392C9489F20050FB2B /* User.swift */,
			);
			path = Models;
			sourceTree = "<group>";
		};
		647A32DF2C937CB80011142B = {
			isa = PBXGroup;
			children = (
				647A32EA2C937CB80011142B /* PokemonShop */,
				647A32E92C937CB80011142B /* Products */,
				6419107E2C94A10C000C8F52 /* Frameworks */,
			);
			sourceTree = "<group>";
		};
		647A32E92C937CB80011142B /* Products */ = {
			isa = PBXGroup;
			children = (
				647A32E82C937CB80011142B /* PokemonShop.app */,
			);
			name = Products;
			sourceTree = "<group>";
		};
		647A32EA2C937CB80011142B /* PokemonShop */ = {
			isa = PBXGroup;
			children = (
				647A32EB2C937CB80011142B /* App.swift */,
				647A33012C937DFC0011142B /* AppDelegate.swift */,
				647A33052C937F320011142B /* DesignSystem */,
				647A33062C937F4A0011142B /* Modules */,
				647A33072C937F530011142B /* Services */,
				646F0E302C94866D0050FB2B /* Shared */,
				647A32FE2C937DCF0011142B /* SupportingFiles */,
				647A33082C937F5B0011142B /* Utilities */,
			);
			path = PokemonShop;
			sourceTree = "<group>";
		};
		647A32FE2C937DCF0011142B /* SupportingFiles */ = {
			isa = PBXGroup;
			children = (
				647A32FF2C937DEA0011142B /* GoogleService-Info.plist */,
			);
			path = SupportingFiles;
			sourceTree = "<group>";
		};
		647A33052C937F320011142B /* DesignSystem */ = {
			isa = PBXGroup;
			children = (
				647A32EF2C937CB90011142B /* Assets.xcassets */,
				64D746F72C938C28007FC094 /* Views */,
			);
			path = DesignSystem;
			sourceTree = "<group>";
		};
		647A33062C937F4A0011142B /* Modules */ = {
			isa = PBXGroup;
			children = (
				641910B92C94E086000C8F52 /* Home */,
				647A330A2C9382180011142B /* SignIn */,
				641910782C9495C6000C8F52 /* SignUp */,
				6419107B2C9497D9000C8F52 /* Splash */,
			);
			path = Modules;
			sourceTree = "<group>";
		};
		647A33072C937F530011142B /* Services */ = {
			isa = PBXGroup;
			children = (
				646F0E312C9486A00050FB2B /* AuthenticationService.swift */,
				641910CE2C94EE02000C8F52 /* ImageService */,
				641910B12C94DEC0000C8F52 /* PokemonService */,
			);
			path = Services;
			sourceTree = "<group>";
		};
		647A33082C937F5B0011142B /* Utilities */ = {
			isa = PBXGroup;
			children = (
				646F0E352C9487C80050FB2B /* AuthenticationUtility */,
				641910D12C94EEA3000C8F52 /* ImageUtility */,
				641910C72C94E914000C8F52 /* LocalFileUtility */,
				64DBF7FA2C962AC700A72B74 /* PersistenceUtility */,
				641910BD2C94E13C000C8F52 /* PokemonUtility */,
			);
			path = Utilities;
			sourceTree = "<group>";
		};
		647A33092C937F640011142B /* Extensions */ = {
			isa = PBXGroup;
			children = (
			);
			path = Extensions;
			sourceTree = "<group>";
		};
		647A330A2C9382180011142B /* SignIn */ = {
			isa = PBXGroup;
			children = (
				647A330B2C93822B0011142B /* SignInView.swift */,
			);
			path = SignIn;
			sourceTree = "<group>";
		};
		64D746F72C938C28007FC094 /* Views */ = {
			isa = PBXGroup;
			children = (
				64D746F32C93865B007FC094 /* MainButtonView.swift */,
				64D746F82C938C44007FC094 /* CustomAlertView.swift */,
				641910742C948E70000C8F52 /* LoadingView.swift */,
				641910762C949552000C8F52 /* AuthenticationTextFieldsView.swift */,
			);
			path = Views;
			sourceTree = "<group>";
		};
		64DBF7FA2C962AC700A72B74 /* PersistenceUtility */ = {
			isa = PBXGroup;
			children = (
				64DBF8022C962E1100A72B74 /* PersistenceUtility.swift */,
				64DBF8042C962E6700A72B74 /* SwiftDataImpl.swift */,
				64DBF7FD2C962B6900A72B74 /* Models */,
			);
			path = PersistenceUtility;
			sourceTree = "<group>";
		};
		64DBF7FD2C962B6900A72B74 /* Models */ = {
			isa = PBXGroup;
			children = (
				64DBF7FE2C962B7400A72B74 /* PokemonModel.swift */,
				64DBF8002C962BBB00A72B74 /* SchemaV1.swift */,
			);
			path = Models;
			sourceTree = "<group>";
		};
/* End PBXGroup section */

/* Begin PBXNativeTarget section */
		647A32E72C937CB80011142B /* PokemonShop */ = {
			isa = PBXNativeTarget;
			buildConfigurationList = 647A32F62C937CB90011142B /* Build configuration list for PBXNativeTarget "PokemonShop" */;
			buildPhases = (
				64D746FA2C946351007FC094 /* Swiftlint */,
				647A32E42C937CB80011142B /* Sources */,
				647A32E52C937CB80011142B /* Frameworks */,
				647A32E62C937CB80011142B /* Resources */,
			);
			buildRules = (
			);
			dependencies = (
			);
			name = PokemonShop;
			packageProductDependencies = (
				647A32FA2C937D750011142B /* FirebaseAuth */,
				6419107F2C94A10C000C8F52 /* FirebaseFirestore */,
				641910AD2C94DE66000C8F52 /* NetworkingFramework */,
				641910C52C94E733000C8F52 /* LocalFileManagerFramework */,
			);
			productName = PokemonShop;
			productReference = 647A32E82C937CB80011142B /* PokemonShop.app */;
			productType = "com.apple.product-type.application";
		};
/* End PBXNativeTarget section */

/* Begin PBXProject section */
		647A32E02C937CB80011142B /* Project object */ = {
			isa = PBXProject;
			attributes = {
				BuildIndependentTargetsInParallel = 1;
				LastSwiftUpdateCheck = 1540;
				LastUpgradeCheck = 1540;
				TargetAttributes = {
					647A32E72C937CB80011142B = {
						CreatedOnToolsVersion = 15.4;
					};
				};
			};
			buildConfigurationList = 647A32E32C937CB80011142B /* Build configuration list for PBXProject "PokemonShop" */;
			compatibilityVersion = "Xcode 14.0";
			developmentRegion = en;
			hasScannedForEncodings = 0;
			knownRegions = (
				en,
				Base,
			);
			mainGroup = 647A32DF2C937CB80011142B;
			packageReferences = (
				647A32F92C937D750011142B /* XCRemoteSwiftPackageReference "firebase-ios-sdk" */,
				641910AC2C94DE66000C8F52 /* XCRemoteSwiftPackageReference "NetworkingFramework" */,
				641910C42C94E733000C8F52 /* XCRemoteSwiftPackageReference "LocalFileManagerFramework-iOS" */,
			);
			productRefGroup = 647A32E92C937CB80011142B /* Products */;
			projectDirPath = "";
			projectRoot = "";
			targets = (
				647A32E72C937CB80011142B /* PokemonShop */,
			);
		};
/* End PBXProject section */

/* Begin PBXResourcesBuildPhase section */
		647A32E62C937CB80011142B /* Resources */ = {
			isa = PBXResourcesBuildPhase;
			buildActionMask = 2147483647;
			files = (
				647A32F02C937CB90011142B /* Assets.xcassets in Resources */,
				647A33002C937DEA0011142B /* GoogleService-Info.plist in Resources */,
			);
			runOnlyForDeploymentPostprocessing = 0;
		};
/* End PBXResourcesBuildPhase section */

/* Begin PBXShellScriptBuildPhase section */
		64D746FA2C946351007FC094 /* Swiftlint */ = {
			isa = PBXShellScriptBuildPhase;
			alwaysOutOfDate = 1;
			buildActionMask = 2147483647;
			files = (
			);
			inputFileListPaths = (
			);
			inputPaths = (
			);
			name = Swiftlint;
			outputFileListPaths = (
			);
			outputPaths = (
			);
			runOnlyForDeploymentPostprocessing = 0;
			shellPath = /bin/sh;
			shellScript = "\"$SRCROOT\"/Scripts/swiftlint.sh \n";
			showEnvVarsInLog = 0;
		};
/* End PBXShellScriptBuildPhase section */

/* Begin PBXSourcesBuildPhase section */
		647A32E42C937CB80011142B /* Sources */ = {
			isa = PBXSourcesBuildPhase;
			buildActionMask = 2147483647;
			files = (
				64D746F62C93869B007FC094 /* Typealias.swift in Sources */,
				64DBF8032C962E1100A72B74 /* PersistenceUtility.swift in Sources */,
				641910B82C94DF44000C8F52 /* PokemonHTTPRequest.swift in Sources */,
				64D746F92C938C44007FC094 /* CustomAlertView.swift in Sources */,
				647A33022C937DFC0011142B /* AppDelegate.swift in Sources */,
				641910752C948E70000C8F52 /* LoadingView.swift in Sources */,
				64D746F42C93865B007FC094 /* MainButtonView.swift in Sources */,
				64DBF8052C962E6700A72B74 /* SwiftDataImpl.swift in Sources */,
				641910C12C94E210000C8F52 /* PokemonUtilityImpl.swift in Sources */,
				64292C6C2C9B1B7000AF3B6B /* TestFile.swift in Sources */,
				641910B02C94DE91000C8F52 /* PokemonService.swift in Sources */,
				641910CD2C94EB7B000C8F52 /* ImageServiceError.swift in Sources */,
				647A330C2C93822B0011142B /* SignInView.swift in Sources */,
				641910B62C94DEF5000C8F52 /* PokemonResponse.swift in Sources */,
				641910BB2C94E095000C8F52 /* HomeView.swift in Sources */,
				647A32EC2C937CB80011142B /* App.swift in Sources */,
				646F0E342C9486B50050FB2B /* FirebaseUtility.swift in Sources */,
				6419107A2C9495D5000C8F52 /* SignUpView.swift in Sources */,
				641910C32C94E290000C8F52 /* Pokemon.swift in Sources */,
				641910772C949552000C8F52 /* AuthenticationTextFieldsView.swift in Sources */,
				64DBF7FF2C962B7400A72B74 /* PokemonModel.swift in Sources */,
				646F0E322C9486A00050FB2B /* AuthenticationService.swift in Sources */,
				646F0E3A2C9489F20050FB2B /* User.swift in Sources */,
				646F0E3C2C948C0E0050FB2B /* AuthenticationUtility.swift in Sources */,
				6419107D2C9497E4000C8F52 /* SplashView.swift in Sources */,
				641910CB2C94E970000C8F52 /* LocalFileUtilityImpl.swift in Sources */,
				641910D52C94EEDA000C8F52 /* ImageUtilityImpl.swift in Sources */,
				641910D32C94EEBF000C8F52 /* ImageUtility.swift in Sources */,
				641910C92C94E928000C8F52 /* LocalFileUtility.swift in Sources */,
				64DBF8012C962BBB00A72B74 /* SchemaV1.swift in Sources */,
				641910D02C94EE26000C8F52 /* ImageService.swift in Sources */,
				641910BF2C94E160000C8F52 /* PokemonUtility.swift in Sources */,
			);
			runOnlyForDeploymentPostprocessing = 0;
		};
/* End PBXSourcesBuildPhase section */

/* Begin XCBuildConfiguration section */
		647A32F42C937CB90011142B /* Debug */ = {
			isa = XCBuildConfiguration;
			buildSettings = {
				ALWAYS_SEARCH_USER_PATHS = NO;
				ASSETCATALOG_COMPILER_GENERATE_SWIFT_ASSET_SYMBOL_EXTENSIONS = YES;
				CLANG_ANALYZER_NONNULL = YES;
				CLANG_ANALYZER_NUMBER_OBJECT_CONVERSION = YES_AGGRESSIVE;
				CLANG_CXX_LANGUAGE_STANDARD = "gnu++20";
				CLANG_ENABLE_MODULES = YES;
				CLANG_ENABLE_OBJC_ARC = YES;
				CLANG_ENABLE_OBJC_WEAK = YES;
				CLANG_WARN_BLOCK_CAPTURE_AUTORELEASING = YES;
				CLANG_WARN_BOOL_CONVERSION = YES;
				CLANG_WARN_COMMA = YES;
				CLANG_WARN_CONSTANT_CONVERSION = YES;
				CLANG_WARN_DEPRECATED_OBJC_IMPLEMENTATIONS = YES;
				CLANG_WARN_DIRECT_OBJC_ISA_USAGE = YES_ERROR;
				CLANG_WARN_DOCUMENTATION_COMMENTS = YES;
				CLANG_WARN_EMPTY_BODY = YES;
				CLANG_WARN_ENUM_CONVERSION = YES;
				CLANG_WARN_INFINITE_RECURSION = YES;
				CLANG_WARN_INT_CONVERSION = YES;
				CLANG_WARN_NON_LITERAL_NULL_CONVERSION = YES;
				CLANG_WARN_OBJC_IMPLICIT_RETAIN_SELF = YES;
				CLANG_WARN_OBJC_LITERAL_CONVERSION = YES;
				CLANG_WARN_OBJC_ROOT_CLASS = YES_ERROR;
				CLANG_WARN_QUOTED_INCLUDE_IN_FRAMEWORK_HEADER = YES;
				CLANG_WARN_RANGE_LOOP_ANALYSIS = YES;
				CLANG_WARN_STRICT_PROTOTYPES = YES;
				CLANG_WARN_SUSPICIOUS_MOVE = YES;
				CLANG_WARN_UNGUARDED_AVAILABILITY = YES_AGGRESSIVE;
				CLANG_WARN_UNREACHABLE_CODE = YES;
				CLANG_WARN__DUPLICATE_METHOD_MATCH = YES;
				COPY_PHASE_STRIP = NO;
				DEBUG_INFORMATION_FORMAT = dwarf;
				ENABLE_STRICT_OBJC_MSGSEND = YES;
				ENABLE_TESTABILITY = YES;
				ENABLE_USER_SCRIPT_SANDBOXING = YES;
				GCC_C_LANGUAGE_STANDARD = gnu17;
				GCC_DYNAMIC_NO_PIC = NO;
				GCC_NO_COMMON_BLOCKS = YES;
				GCC_OPTIMIZATION_LEVEL = 0;
				GCC_PREPROCESSOR_DEFINITIONS = (
					"DEBUG=1",
					"$(inherited)",
				);
				GCC_WARN_64_TO_32_BIT_CONVERSION = YES;
				GCC_WARN_ABOUT_RETURN_TYPE = YES_ERROR;
				GCC_WARN_UNDECLARED_SELECTOR = YES;
				GCC_WARN_UNINITIALIZED_AUTOS = YES_AGGRESSIVE;
				GCC_WARN_UNUSED_FUNCTION = YES;
				GCC_WARN_UNUSED_VARIABLE = YES;
				IPHONEOS_DEPLOYMENT_TARGET = 17.5;
				LOCALIZATION_PREFERS_STRING_CATALOGS = YES;
				MTL_ENABLE_DEBUG_INFO = INCLUDE_SOURCE;
				MTL_FAST_MATH = YES;
				ONLY_ACTIVE_ARCH = YES;
				SDKROOT = iphoneos;
				SWIFT_ACTIVE_COMPILATION_CONDITIONS = "DEBUG $(inherited)";
				SWIFT_OPTIMIZATION_LEVEL = "-Onone";
			};
			name = Debug;
		};
		647A32F52C937CB90011142B /* Release */ = {
			isa = XCBuildConfiguration;
			buildSettings = {
				ALWAYS_SEARCH_USER_PATHS = NO;
				ASSETCATALOG_COMPILER_GENERATE_SWIFT_ASSET_SYMBOL_EXTENSIONS = YES;
				CLANG_ANALYZER_NONNULL = YES;
				CLANG_ANALYZER_NUMBER_OBJECT_CONVERSION = YES_AGGRESSIVE;
				CLANG_CXX_LANGUAGE_STANDARD = "gnu++20";
				CLANG_ENABLE_MODULES = YES;
				CLANG_ENABLE_OBJC_ARC = YES;
				CLANG_ENABLE_OBJC_WEAK = YES;
				CLANG_WARN_BLOCK_CAPTURE_AUTORELEASING = YES;
				CLANG_WARN_BOOL_CONVERSION = YES;
				CLANG_WARN_COMMA = YES;
				CLANG_WARN_CONSTANT_CONVERSION = YES;
				CLANG_WARN_DEPRECATED_OBJC_IMPLEMENTATIONS = YES;
				CLANG_WARN_DIRECT_OBJC_ISA_USAGE = YES_ERROR;
				CLANG_WARN_DOCUMENTATION_COMMENTS = YES;
				CLANG_WARN_EMPTY_BODY = YES;
				CLANG_WARN_ENUM_CONVERSION = YES;
				CLANG_WARN_INFINITE_RECURSION = YES;
				CLANG_WARN_INT_CONVERSION = YES;
				CLANG_WARN_NON_LITERAL_NULL_CONVERSION = YES;
				CLANG_WARN_OBJC_IMPLICIT_RETAIN_SELF = YES;
				CLANG_WARN_OBJC_LITERAL_CONVERSION = YES;
				CLANG_WARN_OBJC_ROOT_CLASS = YES_ERROR;
				CLANG_WARN_QUOTED_INCLUDE_IN_FRAMEWORK_HEADER = YES;
				CLANG_WARN_RANGE_LOOP_ANALYSIS = YES;
				CLANG_WARN_STRICT_PROTOTYPES = YES;
				CLANG_WARN_SUSPICIOUS_MOVE = YES;
				CLANG_WARN_UNGUARDED_AVAILABILITY = YES_AGGRESSIVE;
				CLANG_WARN_UNREACHABLE_CODE = YES;
				CLANG_WARN__DUPLICATE_METHOD_MATCH = YES;
				COPY_PHASE_STRIP = NO;
				DEBUG_INFORMATION_FORMAT = "dwarf-with-dsym";
				ENABLE_NS_ASSERTIONS = NO;
				ENABLE_STRICT_OBJC_MSGSEND = YES;
				ENABLE_USER_SCRIPT_SANDBOXING = YES;
				GCC_C_LANGUAGE_STANDARD = gnu17;
				GCC_NO_COMMON_BLOCKS = YES;
				GCC_WARN_64_TO_32_BIT_CONVERSION = YES;
				GCC_WARN_ABOUT_RETURN_TYPE = YES_ERROR;
				GCC_WARN_UNDECLARED_SELECTOR = YES;
				GCC_WARN_UNINITIALIZED_AUTOS = YES_AGGRESSIVE;
				GCC_WARN_UNUSED_FUNCTION = YES;
				GCC_WARN_UNUSED_VARIABLE = YES;
				IPHONEOS_DEPLOYMENT_TARGET = 17.5;
				LOCALIZATION_PREFERS_STRING_CATALOGS = YES;
				MTL_ENABLE_DEBUG_INFO = NO;
				MTL_FAST_MATH = YES;
				SDKROOT = iphoneos;
				SWIFT_COMPILATION_MODE = wholemodule;
				VALIDATE_PRODUCT = YES;
			};
			name = Release;
		};
		647A32F72C937CB90011142B /* Debug */ = {
			isa = XCBuildConfiguration;
			buildSettings = {
				ASSETCATALOG_COMPILER_APPICON_NAME = AppIcon;
				ASSETCATALOG_COMPILER_GLOBAL_ACCENT_COLOR_NAME = AccentColor;
				CODE_SIGN_STYLE = Automatic;
				CURRENT_PROJECT_VERSION = 1;
				DEVELOPMENT_TEAM = EU4JV98CMP;
				ENABLE_PREVIEWS = YES;
				ENABLE_USER_SCRIPT_SANDBOXING = NO;
				GENERATE_INFOPLIST_FILE = YES;
				INFOPLIST_KEY_UIApplicationSceneManifest_Generation = YES;
				INFOPLIST_KEY_UIApplicationSupportsIndirectInputEvents = YES;
				INFOPLIST_KEY_UILaunchScreen_Generation = YES;
				INFOPLIST_KEY_UISupportedInterfaceOrientations = UIInterfaceOrientationPortrait;
				IPHONEOS_DEPLOYMENT_TARGET = 17.0;
				LD_RUNPATH_SEARCH_PATHS = (
					"$(inherited)",
					"@executable_path/Frameworks",
				);
				MARKETING_VERSION = 1.0;
				PRODUCT_BUNDLE_IDENTIFIER = co.com.jparias.PokemonShop;
				PRODUCT_NAME = "$(TARGET_NAME)";
				SUPPORTED_PLATFORMS = "iphoneos iphonesimulator";
				SUPPORTS_MACCATALYST = NO;
				SUPPORTS_MAC_DESIGNED_FOR_IPHONE_IPAD = NO;
				SUPPORTS_XR_DESIGNED_FOR_IPHONE_IPAD = NO;
				SWIFT_EMIT_LOC_STRINGS = YES;
				SWIFT_VERSION = 5.0;
				TARGETED_DEVICE_FAMILY = "1,2";
			};
			name = Debug;
		};
		647A32F82C937CB90011142B /* Release */ = {
			isa = XCBuildConfiguration;
			buildSettings = {
				ASSETCATALOG_COMPILER_APPICON_NAME = AppIcon;
				ASSETCATALOG_COMPILER_GLOBAL_ACCENT_COLOR_NAME = AccentColor;
				CODE_SIGN_STYLE = Automatic;
				CURRENT_PROJECT_VERSION = 1;
				DEVELOPMENT_TEAM = EU4JV98CMP;
				ENABLE_PREVIEWS = YES;
				ENABLE_USER_SCRIPT_SANDBOXING = NO;
				GENERATE_INFOPLIST_FILE = YES;
				INFOPLIST_KEY_UIApplicationSceneManifest_Generation = YES;
				INFOPLIST_KEY_UIApplicationSupportsIndirectInputEvents = YES;
				INFOPLIST_KEY_UILaunchScreen_Generation = YES;
				INFOPLIST_KEY_UISupportedInterfaceOrientations = UIInterfaceOrientationPortrait;
				IPHONEOS_DEPLOYMENT_TARGET = 17.0;
				LD_RUNPATH_SEARCH_PATHS = (
					"$(inherited)",
					"@executable_path/Frameworks",
				);
				MARKETING_VERSION = 1.0;
				PRODUCT_BUNDLE_IDENTIFIER = co.com.jparias.PokemonShop;
				PRODUCT_NAME = "$(TARGET_NAME)";
				SUPPORTED_PLATFORMS = "iphoneos iphonesimulator";
				SUPPORTS_MACCATALYST = NO;
				SUPPORTS_MAC_DESIGNED_FOR_IPHONE_IPAD = NO;
				SUPPORTS_XR_DESIGNED_FOR_IPHONE_IPAD = NO;
				SWIFT_EMIT_LOC_STRINGS = YES;
				SWIFT_VERSION = 5.0;
				TARGETED_DEVICE_FAMILY = "1,2";
			};
			name = Release;
		};
/* End XCBuildConfiguration section */

/* Begin XCConfigurationList section */
		647A32E32C937CB80011142B /* Build configuration list for PBXProject "PokemonShop" */ = {
			isa = XCConfigurationList;
			buildConfigurations = (
				647A32F42C937CB90011142B /* Debug */,
				647A32F52C937CB90011142B /* Release */,
			);
			defaultConfigurationIsVisible = 0;
			defaultConfigurationName = Release;
		};
		647A32F62C937CB90011142B /* Build configuration list for PBXNativeTarget "PokemonShop" */ = {
			isa = XCConfigurationList;
			buildConfigurations = (
				647A32F72C937CB90011142B /* Debug */,
				647A32F82C937CB90011142B /* Release */,
			);
			defaultConfigurationIsVisible = 0;
			defaultConfigurationName = Release;
		};
/* End XCConfigurationList section */

/* Begin XCRemoteSwiftPackageReference section */
		641910AC2C94DE66000C8F52 /* XCRemoteSwiftPackageReference "NetworkingFramework" */ = {
			isa = XCRemoteSwiftPackageReference;
			repositoryURL = "git@github.com:jparias20/NetworkingFramework.git";
			requirement = {
				kind = upToNextMajorVersion;
				minimumVersion = 1.0.1;
			};
		};
		641910C42C94E733000C8F52 /* XCRemoteSwiftPackageReference "LocalFileManagerFramework-iOS" */ = {
			isa = XCRemoteSwiftPackageReference;
			repositoryURL = "git@github.com:jparias20/LocalFileManagerFramework-iOS.git";
			requirement = {
				kind = upToNextMajorVersion;
				minimumVersion = 1.0.0;
			};
		};
		647A32F92C937D750011142B /* XCRemoteSwiftPackageReference "firebase-ios-sdk" */ = {
			isa = XCRemoteSwiftPackageReference;
			repositoryURL = "https://github.com/firebase/firebase-ios-sdk";
			requirement = {
				kind = upToNextMajorVersion;
				minimumVersion = 11.2.0;
			};
		};
/* End XCRemoteSwiftPackageReference section */

/* Begin XCSwiftPackageProductDependency section */
		6419107F2C94A10C000C8F52 /* FirebaseFirestore */ = {
			isa = XCSwiftPackageProductDependency;
			package = 647A32F92C937D750011142B /* XCRemoteSwiftPackageReference "firebase-ios-sdk" */;
			productName = FirebaseFirestore;
		};
		641910AD2C94DE66000C8F52 /* NetworkingFramework */ = {
			isa = XCSwiftPackageProductDependency;
			package = 641910AC2C94DE66000C8F52 /* XCRemoteSwiftPackageReference "NetworkingFramework" */;
			productName = NetworkingFramework;
		};
		641910C52C94E733000C8F52 /* LocalFileManagerFramework */ = {
			isa = XCSwiftPackageProductDependency;
			package = 641910C42C94E733000C8F52 /* XCRemoteSwiftPackageReference "LocalFileManagerFramework-iOS" */;
			productName = LocalFileManagerFramework;
		};
		647A32FA2C937D750011142B /* FirebaseAuth */ = {
			isa = XCSwiftPackageProductDependency;
			package = 647A32F92C937D750011142B /* XCRemoteSwiftPackageReference "firebase-ios-sdk" */;
			productName = FirebaseAuth;
		};
/* End XCSwiftPackageProductDependency section */
	};
	rootObject = 647A32E02C937CB80011142B /* Project object */;
}
